
Microsoft Visual Studio Solution File, Format Version 12.00
# Visual Studio 15
VisualStudioVersion = 15.0.28307.645
MinimumVisualStudioVersion = 10.0.40219.1
Project("{FAE04EC0-301F-11D3-BF4B-00C04F79EFBC}") = "BookShopApp", "BookShopApp\BookShopApp.csproj", "{37F2D9FD-C979-421A-87C9-39E6BC67F658}"
EndProject
Global
	GlobalSection(SolutionConfigurationPlatforms) = preSolution
		Debug|Any CPU = Debug|Any CPU
		Release|Any CPU = Release|Any CPU
	EndGlobalSection
	GlobalSection(ProjectConfigurationPlatforms) = postSolution
		{37F2D9FD-C979-421A-87C9-39E6BC67F658}.Debug|Any CPU.ActiveCfg = Debug|Any CPU
		{37F2D9FD-C979-421A-87C9-39E6BC67F658}.Debug|Any CPU.Build.0 = Debug|Any CPU
		{37F2D9FD-C979-421A-87C9-39E6BC67F658}.Release|Any CPU.ActiveCfg = Release|Any CPU
		{37F2D9FD-C979-421A-87C9-39E6BC67F658}.Release|Any CPU.Build.0 = Release|Any CPU
	EndGlobalSection
	GlobalSection(SolutionProperties) = preSolution
		HideSolutionNode = FALSE
	EndGlobalSection
	GlobalSection(ExtensibilityGlobals) = postSolution
		SolutionGuid = {D9DAB400-D641-4D9D-A228-47AE51451E38}
	EndGlobalSection
EndGlobal
